
Microsoft Visual Studio Solution File, Format Version 11.00
# Visual Studio 2010
Project("{FAE04EC0-301F-11D3-BF4B-00C04F79EFBC}") = "InControl", "InControl.csproj", "{F2DC4A2D-844B-0509-F789-E179E4DFE951}"
EndProject
Project("{FAE04EC0-301F-11D3-BF4B-00C04F79EFBC}") = "AmoaebaUtils", "AmoaebaUtils.csproj", "{41B145FA-3F55-89D2-D6D6-CF1DE270451B}"
EndProject
Project("{FAE04EC0-301F-11D3-BF4B-00C04F79EFBC}") = "AmoaebaCommands", "AmoaebaCommands.csproj", "{4BFE0E64-E255-5197-39AB-C42D6FB2023E}"
EndProject
Project("{FAE04EC0-301F-11D3-BF4B-00C04F79EFBC}") = "MessagePack", "MessagePack.csproj", "{FCB3462F-6260-B08B-0759-76AAEDFFF63D}"
EndProject
Project("{FAE04EC0-301F-11D3-BF4B-00C04F79EFBC}") = "Assembly-CSharp", "Assembly-CSharp.csproj", "{07D2153E-2EBC-486E-5F87-BC940E03AB6D}"
EndProject
Project("{FAE04EC0-301F-11D3-BF4B-00C04F79EFBC}") = "AmoaebaWallet", "AmoaebaWallet.csproj", "{6661A88E-B741-AC85-0E1B-7DB2E04F0B00}"
EndProject
Project("{FAE04EC0-301F-11D3-BF4B-00C04F79EFBC}") = "Persistance", "Persistance.csproj", "{2B08D8CF-CF81-15A8-182B-A27B15160ED8}"
EndProject
Project("{FAE04EC0-301F-11D3-BF4B-00C04F79EFBC}") = "InControl.Examples", "InControl.Examples.csproj", "{AB8F8FDF-4BEE-A978-1E4C-92FED9F1E2AB}"
EndProject
Project("{FAE04EC0-301F-11D3-BF4B-00C04F79EFBC}") = "AmoaebaUtils.Pathfinding", "AmoaebaUtils.Pathfinding.csproj", "{4042C83A-A373-3017-6764-E8DB1BFD0823}"
EndProject
Project("{FAE04EC0-301F-11D3-BF4B-00C04F79EFBC}") = "ActionCommands", "ActionCommands.csproj", "{DE3BEBBB-9FC6-AEE5-BC05-E4A16FB3A30F}"
EndProject
Project("{FAE04EC0-301F-11D3-BF4B-00C04F79EFBC}") = "AmoaebaLockSystem", "AmoaebaLockSystem.csproj", "{82F787F8-6A61-17DE-C161-9B17F6970C47}"
EndProject
Project("{FAE04EC0-301F-11D3-BF4B-00C04F79EFBC}") = "InControl.Editor", "InControl.Editor.csproj", "{B81FE37C-6A0A-17CC-D295-5C15A1304F6B}"
EndProject
Project("{FAE04EC0-301F-11D3-BF4B-00C04F79EFBC}") = "GoogleSheetsToUnity", "GoogleSheetsToUnity.csproj", "{EA9411E5-1560-E7C4-5172-BB6D7FEABCA9}"
EndProject
Project("{FAE04EC0-301F-11D3-BF4B-00C04F79EFBC}") = "ActionCommandsTests", "ActionCommandsTests.csproj", "{E184629D-6B74-CB38-D1AD-4703EC41EA34}"
EndProject
Project("{FAE04EC0-301F-11D3-BF4B-00C04F79EFBC}") = "AmoaebaUtilsEditor", "AmoaebaUtilsEditor.csproj", "{0996E85A-3682-0CDF-1C18-44082937B2C5}"
EndProject
Project("{FAE04EC0-301F-11D3-BF4B-00C04F79EFBC}") = "AmoaebaUtils.CommandsEditor", "AmoaebaUtils.CommandsEditor.csproj", "{09B5BB2E-17F0-5BEA-3B2F-1767EA0F448C}"
EndProject
Project("{FAE04EC0-301F-11D3-BF4B-00C04F79EFBC}") = "AmoaebaUtilsPersistanceTests", "AmoaebaUtilsPersistanceTests.csproj", "{5A293546-4E45-8320-4E0B-08EA9C6E5D2E}"
EndProject
Project("{FAE04EC0-301F-11D3-BF4B-00C04F79EFBC}") = "WalletTests", "WalletTests.csproj", "{76F979CA-940A-8718-FC51-8D8D7D31D2F8}"
EndProject
Project("{FAE04EC0-301F-11D3-BF4B-00C04F79EFBC}") = "PathfindingEditor", "PathfindingEditor.csproj", "{88BFD3FD-3043-C927-17EF-2B264E1CD1A7}"
EndProject
Project("{FAE04EC0-301F-11D3-BF4B-00C04F79EFBC}") = "GoogleExporter", "GoogleExporter.csproj", "{F8E1DE4E-82AF-0A8D-FB50-B887F8EF19C9}"
EndProject
Project("{FAE04EC0-301F-11D3-BF4B-00C04F79EFBC}") = "ScriptableObjectUtilsEditor", "ScriptableObjectUtilsEditor.csproj", "{675CBE26-DE4F-64ED-526A-B3F2533048B4}"
EndProject
Global
	GlobalSection(SolutionConfigurationPlatforms) = preSolution
		Debug|Any CPU = Debug|Any CPU
		Release|Any CPU = Release|Any CPU
	EndGlobalSection
	GlobalSection(ProjectConfigurationPlatforms) = postSolution
		{F2DC4A2D-844B-0509-F789-E179E4DFE951}.Debug|Any CPU.ActiveCfg = Debug|Any CPU
		{F2DC4A2D-844B-0509-F789-E179E4DFE951}.Debug|Any CPU.Build.0 = Debug|Any CPU
		{F2DC4A2D-844B-0509-F789-E179E4DFE951}.Release|Any CPU.ActiveCfg = Release|Any CPU
		{F2DC4A2D-844B-0509-F789-E179E4DFE951}.Release|Any CPU.Build.0 = Release|Any CPU
		{41B145FA-3F55-89D2-D6D6-CF1DE270451B}.Debug|Any CPU.ActiveCfg = Debug|Any CPU
		{41B145FA-3F55-89D2-D6D6-CF1DE270451B}.Debug|Any CPU.Build.0 = Debug|Any CPU
		{41B145FA-3F55-89D2-D6D6-CF1DE270451B}.Release|Any CPU.ActiveCfg = Release|Any CPU
		{41B145FA-3F55-89D2-D6D6-CF1DE270451B}.Release|Any CPU.Build.0 = Release|Any CPU
		{4BFE0E64-E255-5197-39AB-C42D6FB2023E}.Debug|Any CPU.ActiveCfg = Debug|Any CPU
		{4BFE0E64-E255-5197-39AB-C42D6FB2023E}.Debug|Any CPU.Build.0 = Debug|Any CPU
		{4BFE0E64-E255-5197-39AB-C42D6FB2023E}.Release|Any CPU.ActiveCfg = Release|Any CPU
		{4BFE0E64-E255-5197-39AB-C42D6FB2023E}.Release|Any CPU.Build.0 = Release|Any CPU
		{FCB3462F-6260-B08B-0759-76AAEDFFF63D}.Debug|Any CPU.ActiveCfg = Debug|Any CPU
		{FCB3462F-6260-B08B-0759-76AAEDFFF63D}.Debug|Any CPU.Build.0 = Debug|Any CPU
		{FCB3462F-6260-B08B-0759-76AAEDFFF63D}.Release|Any CPU.ActiveCfg = Release|Any CPU
		{FCB3462F-6260-B08B-0759-76AAEDFFF63D}.Release|Any CPU.Build.0 = Release|Any CPU
		{07D2153E-2EBC-486E-5F87-BC940E03AB6D}.Debug|Any CPU.ActiveCfg = Debug|Any CPU
		{07D2153E-2EBC-486E-5F87-BC940E03AB6D}.Debug|Any CPU.Build.0 = Debug|Any CPU
		{07D2153E-2EBC-486E-5F87-BC940E03AB6D}.Release|Any CPU.ActiveCfg = Release|Any CPU
		{07D2153E-2EBC-486E-5F87-BC940E03AB6D}.Release|Any CPU.Build.0 = Release|Any CPU
		{6661A88E-B741-AC85-0E1B-7DB2E04F0B00}.Debug|Any CPU.ActiveCfg = Debug|Any CPU
		{6661A88E-B741-AC85-0E1B-7DB2E04F0B00}.Debug|Any CPU.Build.0 = Debug|Any CPU
		{6661A88E-B741-AC85-0E1B-7DB2E04F0B00}.Release|Any CPU.ActiveCfg = Release|Any CPU
		{6661A88E-B741-AC85-0E1B-7DB2E04F0B00}.Release|Any CPU.Build.0 = Release|Any CPU
		{2B08D8CF-CF81-15A8-182B-A27B15160ED8}.Debug|Any CPU.ActiveCfg = Debug|Any CPU
		{2B08D8CF-CF81-15A8-182B-A27B15160ED8}.Debug|Any CPU.Build.0 = Debug|Any CPU
		{2B08D8CF-CF81-15A8-182B-A27B15160ED8}.Release|Any CPU.ActiveCfg = Release|Any CPU
		{2B08D8CF-CF81-15A8-182B-A27B15160ED8}.Release|Any CPU.Build.0 = Release|Any CPU
		{AB8F8FDF-4BEE-A978-1E4C-92FED9F1E2AB}.Debug|Any CPU.ActiveCfg = Debug|Any CPU
		{AB8F8FDF-4BEE-A978-1E4C-92FED9F1E2AB}.Debug|Any CPU.Build.0 = Debug|Any CPU
		{AB8F8FDF-4BEE-A978-1E4C-92FED9F1E2AB}.Release|Any CPU.ActiveCfg = Release|Any CPU
		{AB8F8FDF-4BEE-A978-1E4C-92FED9F1E2AB}.Release|Any CPU.Build.0 = Release|Any CPU
		{4042C83A-A373-3017-6764-E8DB1BFD0823}.Debug|Any CPU.ActiveCfg = Debug|Any CPU
		{4042C83A-A373-3017-6764-E8DB1BFD0823}.Debug|Any CPU.Build.0 = Debug|Any CPU
		{4042C83A-A373-3017-6764-E8DB1BFD0823}.Release|Any CPU.ActiveCfg = Release|Any CPU
		{4042C83A-A373-3017-6764-E8DB1BFD0823}.Release|Any CPU.Build.0 = Release|Any CPU
		{DE3BEBBB-9FC6-AEE5-BC05-E4A16FB3A30F}.Debug|Any CPU.ActiveCfg = Debug|Any CPU
		{DE3BEBBB-9FC6-AEE5-BC05-E4A16FB3A30F}.Debug|Any CPU.Build.0 = Debug|Any CPU
		{DE3BEBBB-9FC6-AEE5-BC05-E4A16FB3A30F}.Release|Any CPU.ActiveCfg = Release|Any CPU
		{DE3BEBBB-9FC6-AEE5-BC05-E4A16FB3A30F}.Release|Any CPU.Build.0 = Release|Any CPU
		{82F787F8-6A61-17DE-C161-9B17F6970C47}.Debug|Any CPU.ActiveCfg = Debug|Any CPU
		{82F787F8-6A61-17DE-C161-9B17F6970C47}.Debug|Any CPU.Build.0 = Debug|Any CPU
		{82F787F8-6A61-17DE-C161-9B17F6970C47}.Release|Any CPU.ActiveCfg = Release|Any CPU
		{82F787F8-6A61-17DE-C161-9B17F6970C47}.Release|Any CPU.Build.0 = Release|Any CPU
		{B81FE37C-6A0A-17CC-D295-5C15A1304F6B}.Debug|Any CPU.ActiveCfg = Debug|Any CPU
		{B81FE37C-6A0A-17CC-D295-5C15A1304F6B}.Debug|Any CPU.Build.0 = Debug|Any CPU
		{B81FE37C-6A0A-17CC-D295-5C15A1304F6B}.Release|Any CPU.ActiveCfg = Release|Any CPU
		{B81FE37C-6A0A-17CC-D295-5C15A1304F6B}.Release|Any CPU.Build.0 = Release|Any CPU
		{EA9411E5-1560-E7C4-5172-BB6D7FEABCA9}.Debug|Any CPU.ActiveCfg = Debug|Any CPU
		{EA9411E5-1560-E7C4-5172-BB6D7FEABCA9}.Debug|Any CPU.Build.0 = Debug|Any CPU
		{EA9411E5-1560-E7C4-5172-BB6D7FEABCA9}.Release|Any CPU.ActiveCfg = Release|Any CPU
		{EA9411E5-1560-E7C4-5172-BB6D7FEABCA9}.Release|Any CPU.Build.0 = Release|Any CPU
		{E184629D-6B74-CB38-D1AD-4703EC41EA34}.Debug|Any CPU.ActiveCfg = Debug|Any CPU
		{E184629D-6B74-CB38-D1AD-4703EC41EA34}.Debug|Any CPU.Build.0 = Debug|Any CPU
		{E184629D-6B74-CB38-D1AD-4703EC41EA34}.Release|Any CPU.ActiveCfg = Release|Any CPU
		{E184629D-6B74-CB38-D1AD-4703EC41EA34}.Release|Any CPU.Build.0 = Release|Any CPU
		{0996E85A-3682-0CDF-1C18-44082937B2C5}.Debug|Any CPU.ActiveCfg = Debug|Any CPU
		{0996E85A-3682-0CDF-1C18-44082937B2C5}.Debug|Any CPU.Build.0 = Debug|Any CPU
		{0996E85A-3682-0CDF-1C18-44082937B2C5}.Release|Any CPU.ActiveCfg = Release|Any CPU
		{0996E85A-3682-0CDF-1C18-44082937B2C5}.Release|Any CPU.Build.0 = Release|Any CPU
		{09B5BB2E-17F0-5BEA-3B2F-1767EA0F448C}.Debug|Any CPU.ActiveCfg = Debug|Any CPU
		{09B5BB2E-17F0-5BEA-3B2F-1767EA0F448C}.Debug|Any CPU.Build.0 = Debug|Any CPU
		{09B5BB2E-17F0-5BEA-3B2F-1767EA0F448C}.Release|Any CPU.ActiveCfg = Release|Any CPU
		{09B5BB2E-17F0-5BEA-3B2F-1767EA0F448C}.Release|Any CPU.Build.0 = Release|Any CPU
		{5A293546-4E45-8320-4E0B-08EA9C6E5D2E}.Debug|Any CPU.ActiveCfg = Debug|Any CPU
		{5A293546-4E45-8320-4E0B-08EA9C6E5D2E}.Debug|Any CPU.Build.0 = Debug|Any CPU
		{5A293546-4E45-8320-4E0B-08EA9C6E5D2E}.Release|Any CPU.ActiveCfg = Release|Any CPU
		{5A293546-4E45-8320-4E0B-08EA9C6E5D2E}.Release|Any CPU.Build.0 = Release|Any CPU
		{76F979CA-940A-8718-FC51-8D8D7D31D2F8}.Debug|Any CPU.ActiveCfg = Debug|Any CPU
		{76F979CA-940A-8718-FC51-8D8D7D31D2F8}.Debug|Any CPU.Build.0 = Debug|Any CPU
		{76F979CA-940A-8718-FC51-8D8D7D31D2F8}.Release|Any CPU.ActiveCfg = Release|Any CPU
		{76F979CA-940A-8718-FC51-8D8D7D31D2F8}.Release|Any CPU.Build.0 = Release|Any CPU
		{88BFD3FD-3043-C927-17EF-2B264E1CD1A7}.Debug|Any CPU.ActiveCfg = Debug|Any CPU
		{88BFD3FD-3043-C927-17EF-2B264E1CD1A7}.Debug|Any CPU.Build.0 = Debug|Any CPU
		{88BFD3FD-3043-C927-17EF-2B264E1CD1A7}.Release|Any CPU.ActiveCfg = Release|Any CPU
		{88BFD3FD-3043-C927-17EF-2B264E1CD1A7}.Release|Any CPU.Build.0 = Release|Any CPU
		{F8E1DE4E-82AF-0A8D-FB50-B887F8EF19C9}.Debug|Any CPU.ActiveCfg = Debug|Any CPU
		{F8E1DE4E-82AF-0A8D-FB50-B887F8EF19C9}.Debug|Any CPU.Build.0 = Debug|Any CPU
		{F8E1DE4E-82AF-0A8D-FB50-B887F8EF19C9}.Release|Any CPU.ActiveCfg = Release|Any CPU
		{F8E1DE4E-82AF-0A8D-FB50-B887F8EF19C9}.Release|Any CPU.Build.0 = Release|Any CPU
		{675CBE26-DE4F-64ED-526A-B3F2533048B4}.Debug|Any CPU.ActiveCfg = Debug|Any CPU
		{675CBE26-DE4F-64ED-526A-B3F2533048B4}.Debug|Any CPU.Build.0 = Debug|Any CPU
		{675CBE26-DE4F-64ED-526A-B3F2533048B4}.Release|Any CPU.ActiveCfg = Release|Any CPU
		{675CBE26-DE4F-64ED-526A-B3F2533048B4}.Release|Any CPU.Build.0 = Release|Any CPU
	EndGlobalSection
	GlobalSection(SolutionProperties) = preSolution
		HideSolutionNode = FALSE
	EndGlobalSection
EndGlobal
